
Microsoft Visual Studio Solution File, Format Version 12.00
# Visual Studio Version 16
VisualStudioVersion = 16.0.31410.357
MinimumVisualStudioVersion = 10.0.40219.1
Project("{FAE04EC0-301F-11D3-BF4B-00C04F79EFBC}") = "RealTimeTasks.Web", "RealTimeTasks.Web\RealTimeTasks.Web.csproj", "{8DF1EC5B-1B9D-4392-A14A-57197FF80FAF}"
EndProject
Project("{FAE04EC0-301F-11D3-BF4B-00C04F79EFBC}") = "RealTimeTasks.Data", "RealTimeTasks.Data\RealTimeTasks.Data.csproj", "{5D04D595-D026-4596-A290-575730A77D2B}"
EndProject
Global
	GlobalSection(SolutionConfigurationPlatforms) = preSolution
		Debug|Any CPU = Debug|Any CPU
		Release|Any CPU = Release|Any CPU
	EndGlobalSection
	GlobalSection(ProjectConfigurationPlatforms) = postSolution
		{8DF1EC5B-1B9D-4392-A14A-57197FF80FAF}.Debug|Any CPU.ActiveCfg = Debug|Any CPU
		{8DF1EC5B-1B9D-4392-A14A-57197FF80FAF}.Debug|Any CPU.Build.0 = Debug|Any CPU
		{8DF1EC5B-1B9D-4392-A14A-57197FF80FAF}.Release|Any CPU.ActiveCfg = Release|Any CPU
		{8DF1EC5B-1B9D-4392-A14A-57197FF80FAF}.Release|Any CPU.Build.0 = Release|Any CPU
		{5D04D595-D026-4596-A290-575730A77D2B}.Debug|Any CPU.ActiveCfg = Debug|Any CPU
		{5D04D595-D026-4596-A290-575730A77D2B}.Debug|Any CPU.Build.0 = Debug|Any CPU
		{5D04D595-D026-4596-A290-575730A77D2B}.Release|Any CPU.ActiveCfg = Release|Any CPU
		{5D04D595-D026-4596-A290-575730A77D2B}.Release|Any CPU.Build.0 = Release|Any CPU
	EndGlobalSection
	GlobalSection(SolutionProperties) = preSolution
		HideSolutionNode = FALSE
	EndGlobalSection
	GlobalSection(ExtensibilityGlobals) = postSolution
		SolutionGuid = {1B6DABB9-5BD8-46C4-BAFF-993BAE13E741}
	EndGlobalSection
EndGlobal
